
Microsoft Visual Studio Solution File, Format Version 12.00
# Visual Studio Version 16
VisualStudioVersion = 16.0.29509.3
MinimumVisualStudioVersion = 10.0.40219.1
Project("{00D1A9C2-B5F0-4AF3-8072-F6C62B433612}") = "STKDatabase", "STKDatabase\STKDatabase.sqlproj", "{5F1FB678-4123-4AC5-BCE4-4C362358B993}"
EndProject
Global
	GlobalSection(SolutionConfigurationPlatforms) = preSolution
		Debug|Any CPU = Debug|Any CPU
		Release|Any CPU = Release|Any CPU
	EndGlobalSection
	GlobalSection(ProjectConfigurationPlatforms) = postSolution
		{5F1FB678-4123-4AC5-BCE4-4C362358B993}.Debug|Any CPU.ActiveCfg = Debug|Any CPU
		{5F1FB678-4123-4AC5-BCE4-4C362358B993}.Debug|Any CPU.Build.0 = Debug|Any CPU
		{5F1FB678-4123-4AC5-BCE4-4C362358B993}.Debug|Any CPU.Deploy.0 = Debug|Any CPU
		{5F1FB678-4123-4AC5-BCE4-4C362358B993}.Release|Any CPU.ActiveCfg = Release|Any CPU
		{5F1FB678-4123-4AC5-BCE4-4C362358B993}.Release|Any CPU.Build.0 = Release|Any CPU
		{5F1FB678-4123-4AC5-BCE4-4C362358B993}.Release|Any CPU.Deploy.0 = Release|Any CPU
	EndGlobalSection
	GlobalSection(SolutionProperties) = preSolution
		HideSolutionNode = FALSE
	EndGlobalSection
	GlobalSection(ExtensibilityGlobals) = postSolution
		SolutionGuid = {E4DA978C-721B-47BA-B09D-7EB37F4E1095}
	EndGlobalSection
EndGlobal
